// !$*UTF8*$!
{
	archiveVersion = 1;
	classes = {
	};
	objectVersion = 46;
	objects = {

/* Begin PBXBuildFile section */
		3919632F1AD6FF8B00E7756A /* Question4.m in Sources */ = {isa = PBXBuildFile; fileRef = 3919632E1AD6FF8B00E7756A /* Question4.m */; };
		391963311AD6FFC700E7756A /* Question3.m in Sources */ = {isa = PBXBuildFile; fileRef = 391963301AD6FFC700E7756A /* Question3.m */; };
		391963331AD70C2300E7756A /* Question5.m in Sources */ = {isa = PBXBuildFile; fileRef = 391963321AD70C2300E7756A /* Question5.m */; };
		391963351AD7172300E7756A /* Question6.m in Sources */ = {isa = PBXBuildFile; fileRef = 391963341AD7172300E7756A /* Question6.m */; };
		398B54D21AD5F75200B3D76E /* main.m in Sources */ = {isa = PBXBuildFile; fileRef = 398B54D11AD5F75200B3D76E /* main.m */; };
		398B54DC1AD632EB00B3D76E /* Question2.m in Sources */ = {isa = PBXBuildFile; fileRef = 398B54DB1AD632EB00B3D76E /* Question2.m */; };
/* End PBXBuildFile section */

/* Begin PBXCopyFilesBuildPhase section */
		398B54CC1AD5F75200B3D76E /* CopyFiles */ = {
			isa = PBXCopyFilesBuildPhase;
			buildActionMask = 2147483647;
			dstPath = /usr/share/man/man1/;
			dstSubfolderSpec = 0;
			files = (
			);
			runOnlyForDeploymentPostprocessing = 1;
		};
/* End PBXCopyFilesBuildPhase section */

/* Begin PBXFileReference section */
		3919632E1AD6FF8B00E7756A /* Question4.m */ = {isa = PBXFileReference; fileEncoding = 4; lastKnownFileType = sourcecode.c.objc; path = Question4.m; sourceTree = "<group>"; };
		391963301AD6FFC700E7756A /* Question3.m */ = {isa = PBXFileReference; fileEncoding = 4; lastKnownFileType = sourcecode.c.objc; path = Question3.m; sourceTree = "<group>"; };
		391963321AD70C2300E7756A /* Question5.m */ = {isa = PBXFileReference; fileEncoding = 4; lastKnownFileType = sourcecode.c.objc; path = Question5.m; sourceTree = "<group>"; };
		391963341AD7172300E7756A /* Question6.m */ = {isa = PBXFileReference; fileEncoding = 4; lastKnownFileType = sourcecode.c.objc; path = Question6.m; sourceTree = "<group>"; };
		398B54CE1AD5F75200B3D76E /* Assignment4 */ = {isa = PBXFileReference; explicitFileType = "compiled.mach-o.executable"; includeInIndex = 0; path = Assignment4; sourceTree = BUILT_PRODUCTS_DIR; };
		398B54D11AD5F75200B3D76E /* main.m */ = {isa = PBXFileReference; lastKnownFileType = sourcecode.c.objc; path = main.m; sourceTree = "<group>"; };
		398B54DB1AD632EB00B3D76E /* Question2.m */ = {isa = PBXFileReference; fileEncoding = 4; lastKnownFileType = sourcecode.c.objc; path = Question2.m; sourceTree = "<group>"; };
/* End PBXFileReference section */

/* Begin PBXFrameworksBuildPhase section */
		398B54CB1AD5F75200B3D76E /* Frameworks */ = {
			isa = PBXFrameworksBuildPhase;
			buildActionMask = 2147483647;
			files = (
			);
			runOnlyForDeploymentPostprocessing = 0;
		};
/* End PBXFrameworksBuildPhase section */

/* Begin PBXGroup section */
		398B54C51AD5F75200B3D76E = {
			isa = PBXGroup;
			children = (
				399B04D21AD6FE42007CE196 /* Model */,
				398B54D01AD5F75200B3D76E /* Assignment4 */,
				398B54CF1AD5F75200B3D76E /* Products */,
			);
			sourceTree = "<group>";
		};
		398B54CF1AD5F75200B3D76E /* Products */ = {
			isa = PBXGroup;
			children = (
				398B54CE1AD5F75200B3D76E /* Assignment4 */,
			);
			name = Products;
			sourceTree = "<group>";
		};
		398B54D01AD5F75200B3D76E /* Assignment4 */ = {
			isa = PBXGroup;
			children = (
				398B54D11AD5F75200B3D76E /* main.m */,
				398B54DB1AD632EB00B3D76E /* Question2.m */,
				391963301AD6FFC700E7756A /* Question3.m */,
				3919632E1AD6FF8B00E7756A /* Question4.m */,
				391963321AD70C2300E7756A /* Question5.m */,
				391963341AD7172300E7756A /* Question6.m */,
			);
			path = Assignment4;
			sourceTree = "<group>";
		};
		399B04D21AD6FE42007CE196 /* Model */ = {
			isa = PBXGroup;
			children = (
			);
			name = Model;
			sourceTree = "<group>";
		};
/* End PBXGroup section */

/* Begin PBXNativeTarget section */
		398B54CD1AD5F75200B3D76E /* Assignment4 */ = {
			isa = PBXNativeTarget;
			buildConfigurationList = 398B54D51AD5F75200B3D76E /* Build configuration list for PBXNativeTarget "Assignment4" */;
			buildPhases = (
				398B54CA1AD5F75200B3D76E /* Sources */,
				398B54CB1AD5F75200B3D76E /* Frameworks */,
				398B54CC1AD5F75200B3D76E /* CopyFiles */,
			);
			buildRules = (
			);
			dependencies = (
			);
			name = Assignment4;
			productName = Assignment4;
			productReference = 398B54CE1AD5F75200B3D76E /* Assignment4 */;
			productType = "com.apple.product-type.tool";
		};
/* End PBXNativeTarget section */

/* Begin PBXProject section */
		398B54C61AD5F75200B3D76E /* Project object */ = {
			isa = PBXProject;
			attributes = {
				LastUpgradeCheck = 0620;
				ORGANIZATIONNAME = "Frank Desimini";
				TargetAttributes = {
					398B54CD1AD5F75200B3D76E = {
						CreatedOnToolsVersion = 6.2;
					};
				};
			};
			buildConfigurationList = 398B54C91AD5F75200B3D76E /* Build configuration list for PBXProject "Assignment4" */;
			compatibilityVersion = "Xcode 3.2";
			developmentRegion = English;
			hasScannedForEncodings = 0;
			knownRegions = (
				en,
			);
			mainGroup = 398B54C51AD5F75200B3D76E;
			productRefGroup = 398B54CF1AD5F75200B3D76E /* Products */;
			projectDirPath = "";
			projectRoot = "";
			targets = (
				398B54CD1AD5F75200B3D76E /* Assignment4 */,
			);
		};
/* End PBXProject section */

/* Begin PBXSourcesBuildPhase section */
		398B54CA1AD5F75200B3D76E /* Sources */ = {
			isa = PBXSourcesBuildPhase;
			buildActionMask = 2147483647;
			files = (
				391963331AD70C2300E7756A /* Question5.m in Sources */,
				398B54DC1AD632EB00B3D76E /* Question2.m in Sources */,
				391963311AD6FFC700E7756A /* Question3.m in Sources */,
				3919632F1AD6FF8B00E7756A /* Question4.m in Sources */,
				391963351AD7172300E7756A /* Question6.m in Sources */,
				398B54D21AD5F75200B3D76E /* main.m in Sources */,
			);
			runOnlyForDeploymentPostprocessing = 0;
		};
/* End PBXSourcesBuildPhase section */

/* Begin XCBuildConfiguration section */
		398B54D31AD5F75200B3D76E /* Debug */ = {
			isa = XCBuildConfiguration;
			buildSettings = {
				ALWAYS_SEARCH_USER_PATHS = NO;
				CLANG_CXX_LANGUAGE_STANDARD = "gnu++0x";
				CLANG_CXX_LIBRARY = "libc++";
				CLANG_ENABLE_MODULES = YES;
				CLANG_ENABLE_OBJC_ARC = YES;
				CLANG_WARN_BOOL_CONVERSION = YES;
				CLANG_WARN_CONSTANT_CONVERSION = YES;
				CLANG_WARN_DIRECT_OBJC_ISA_USAGE = YES_ERROR;
				CLANG_WARN_EMPTY_BODY = YES;
				CLANG_WARN_ENUM_CONVERSION = YES;
				CLANG_WARN_INT_CONVERSION = YES;
				CLANG_WARN_OBJC_ROOT_CLASS = YES_ERROR;
				CLANG_WARN_UNREACHABLE_CODE = YES;
				CLANG_WARN__DUPLICATE_METHOD_MATCH = YES;
				COPY_PHASE_STRIP = NO;
				ENABLE_STRICT_OBJC_MSGSEND = YES;
				GCC_C_LANGUAGE_STANDARD = gnu99;
				GCC_DYNAMIC_NO_PIC = NO;
				GCC_OPTIMIZATION_LEVEL = 0;
				GCC_PREPROCESSOR_DEFINITIONS = (
					"DEBUG=1",
					"$(inherited)",
				);
				GCC_SYMBOLS_PRIVATE_EXTERN = NO;
				GCC_WARN_64_TO_32_BIT_CONVERSION = YES;
				GCC_WARN_ABOUT_RETURN_TYPE = YES_ERROR;
				GCC_WARN_UNDECLARED_SELECTOR = YES;
				GCC_WARN_UNINITIALIZED_AUTOS = YES_AGGRESSIVE;
				GCC_WARN_UNUSED_FUNCTION = YES;
				GCC_WARN_UNUSED_VARIABLE = YES;
				MACOSX_DEPLOYMENT_TARGET = 10.10;
				MTL_ENABLE_DEBUG_INFO = YES;
				ONLY_ACTIVE_ARCH = YES;
				SDKROOT = macosx;
			};
			name = Debug;
		};
		398B54D41AD5F75200B3D76E /* Release */ = {
			isa = XCBuildConfiguration;
			buildSettings = {
				ALWAYS_SEARCH_USER_PATHS = NO;
				CLANG_CXX_LANGUAGE_STANDARD = "gnu++0x";
				CLANG_CXX_LIBRARY = "libc++";
				CLANG_ENABLE_MODULES = YES;
				CLANG_ENABLE_OBJC_ARC = YES;
				CLANG_WARN_BOOL_CONVERSION = YES;
				CLANG_WARN_CONSTANT_CONVERSION = YES;
				CLANG_WARN_DIRECT_OBJC_ISA_USAGE = YES_ERROR;
				CLANG_WARN_EMPTY_BODY = YES;
				CLANG_WARN_ENUM_CONVERSION = YES;
				CLANG_WARN_INT_CONVERSION = YES;
				CLANG_WARN_OBJC_ROOT_CLASS = YES_ERROR;
				CLANG_WARN_UNREACHABLE_CODE = YES;
				CLANG_WARN__DUPLICATE_METHOD_MATCH = YES;
				COPY_PHASE_STRIP = NO;
				DEBUG_INFORMATION_FORMAT = "dwarf-with-dsym";
				ENABLE_NS_ASSERTIONS = NO;
				ENABLE_STRICT_OBJC_MSGSEND = YES;
				GCC_C_LANGUAGE_STANDARD = gnu99;
				GCC_WARN_64_TO_32_BIT_CONVERSION = YES;
				GCC_WARN_ABOUT_RETURN_TYPE = YES_ERROR;
				GCC_WARN_UNDECLARED_SELECTOR = YES;
				GCC_WARN_UNINITIALIZED_AUTOS = YES_AGGRESSIVE;
				GCC_WARN_UNUSED_FUNCTION = YES;
				GCC_WARN_UNUSED_VARIABLE = YES;
				MACOSX_DEPLOYMENT_TARGET = 10.10;
				MTL_ENABLE_DEBUG_INFO = NO;
				SDKROOT = macosx;
			};
			name = Release;
		};
		398B54D61AD5F75200B3D76E /* Debug */ = {
			isa = XCBuildConfiguration;
			buildSettings = {
				PRODUCT_NAME = "$(TARGET_NAME)";
			};
			name = Debug;
		};
		398B54D71AD5F75200B3D76E /* Release */ = {
			isa = XCBuildConfiguration;
			buildSettings = {
				PRODUCT_NAME = "$(TARGET_NAME)";
			};
			name = Release;
		};
/* End XCBuildConfiguration section */

/* Begin XCConfigurationList section */
		398B54C91AD5F75200B3D76E /* Build configuration list for PBXProject "Assignment4" */ = {
			isa = XCConfigurationList;
			buildConfigurations = (
				398B54D31AD5F75200B3D76E /* Debug */,
				398B54D41AD5F75200B3D76E /* Release */,
			);
			defaultConfigurationIsVisible = 0;
			defaultConfigurationName = Release;
		};
		398B54D51AD5F75200B3D76E /* Build configuration list for PBXNativeTarget "Assignment4" */ = {
			isa = XCConfigurationList;
			buildConfigurations = (
				398B54D61AD5F75200B3D76E /* Debug */,
				398B54D71AD5F75200B3D76E /* Release */,
			);
			defaultConfigurationIsVisible = 0;
			defaultConfigurationName = Release;
		};
/* End XCConfigurationList section */
	};
	rootObject = 398B54C61AD5F75200B3D76E /* Project object */;
}
